
Microsoft Visual Studio Solution File, Format Version 12.00
# Visual Studio Version 17
VisualStudioVersion = 17.7.34003.232
MinimumVisualStudioVersion = 10.0.40219.1
Project("{9A19103F-16F7-4668-BE54-9A1E7A4F7556}") = "BulkyWeb", "BulkyWeb\BulkyWeb.csproj", "{D7395FBF-6662-4E55-9BE8-63876CAD5624}"
EndProject
Project("{FAE04EC0-301F-11D3-BF4B-00C04F79EFBC}") = "Bulky.DataAccess", "Bulky.DataAccess\Bulky.DataAccess.csproj", "{E17CD261-7756-4A6D-A9BA-FB47B68CE5E3}"
EndProject
Project("{FAE04EC0-301F-11D3-BF4B-00C04F79EFBC}") = "Bulky.Models", "Bulky.Models\Bulky.Models.csproj", "{7A3D53B9-44A4-4509-9C04-792314518356}"
EndProject
Project("{FAE04EC0-301F-11D3-BF4B-00C04F79EFBC}") = "Bulky.Utility", "Bulky.Utility\Bulky.Utility.csproj", "{F16B9114-31A8-4225-9BAC-D0D8AAA7FDD6}"
EndProject
Global
	GlobalSection(SolutionConfigurationPlatforms) = preSolution
		Debug|Any CPU = Debug|Any CPU
		Release|Any CPU = Release|Any CPU
	EndGlobalSection
	GlobalSection(ProjectConfigurationPlatforms) = postSolution
		{D7395FBF-6662-4E55-9BE8-63876CAD5624}.Debug|Any CPU.ActiveCfg = Debug|Any CPU
		{D7395FBF-6662-4E55-9BE8-63876CAD5624}.Debug|Any CPU.Build.0 = Debug|Any CPU
		{D7395FBF-6662-4E55-9BE8-63876CAD5624}.Release|Any CPU.ActiveCfg = Release|Any CPU
		{D7395FBF-6662-4E55-9BE8-63876CAD5624}.Release|Any CPU.Build.0 = Release|Any CPU
		{E17CD261-7756-4A6D-A9BA-FB47B68CE5E3}.Debug|Any CPU.ActiveCfg = Debug|Any CPU
		{E17CD261-7756-4A6D-A9BA-FB47B68CE5E3}.Debug|Any CPU.Build.0 = Debug|Any CPU
		{E17CD261-7756-4A6D-A9BA-FB47B68CE5E3}.Release|Any CPU.ActiveCfg = Release|Any CPU
		{E17CD261-7756-4A6D-A9BA-FB47B68CE5E3}.Release|Any CPU.Build.0 = Release|Any CPU
		{7A3D53B9-44A4-4509-9C04-792314518356}.Debug|Any CPU.ActiveCfg = Debug|Any CPU
		{7A3D53B9-44A4-4509-9C04-792314518356}.Debug|Any CPU.Build.0 = Debug|Any CPU
		{7A3D53B9-44A4-4509-9C04-792314518356}.Release|Any CPU.ActiveCfg = Release|Any CPU
		{7A3D53B9-44A4-4509-9C04-792314518356}.Release|Any CPU.Build.0 = Release|Any CPU
		{F16B9114-31A8-4225-9BAC-D0D8AAA7FDD6}.Debug|Any CPU.ActiveCfg = Debug|Any CPU
		{F16B9114-31A8-4225-9BAC-D0D8AAA7FDD6}.Debug|Any CPU.Build.0 = Debug|Any CPU
		{F16B9114-31A8-4225-9BAC-D0D8AAA7FDD6}.Release|Any CPU.ActiveCfg = Release|Any CPU
		{F16B9114-31A8-4225-9BAC-D0D8AAA7FDD6}.Release|Any CPU.Build.0 = Release|Any CPU
	EndGlobalSection
	GlobalSection(SolutionProperties) = preSolution
		HideSolutionNode = FALSE
	EndGlobalSection
	GlobalSection(ExtensibilityGlobals) = postSolution
		SolutionGuid = {F07C0F44-7409-41EA-B52E-8C29D4637AF3}
	EndGlobalSection
EndGlobal
